
Microsoft Visual Studio Solution File, Format Version 12.00
# Visual Studio Version 17
VisualStudioVersion = 17.3.32901.215
MinimumVisualStudioVersion = 10.0.40219.1
Project("{FAE04EC0-301F-11D3-BF4B-00C04F79EFBC}") = "Proje03_DegiskenOrnekleri", "Proje03_DegiskenOrnekleri.csproj", "{DC52A4FE-136C-4203-8BC9-B5BD54D1D30F}"
EndProject
Global
	GlobalSection(SolutionConfigurationPlatforms) = preSolution
		Debug|Any CPU = Debug|Any CPU
		Release|Any CPU = Release|Any CPU
	EndGlobalSection
	GlobalSection(ProjectConfigurationPlatforms) = postSolution
		{DC52A4FE-136C-4203-8BC9-B5BD54D1D30F}.Debug|Any CPU.ActiveCfg = Debug|Any CPU
		{DC52A4FE-136C-4203-8BC9-B5BD54D1D30F}.Debug|Any CPU.Build.0 = Debug|Any CPU
		{DC52A4FE-136C-4203-8BC9-B5BD54D1D30F}.Release|Any CPU.ActiveCfg = Release|Any CPU
		{DC52A4FE-136C-4203-8BC9-B5BD54D1D30F}.Release|Any CPU.Build.0 = Release|Any CPU
	EndGlobalSection
	GlobalSection(SolutionProperties) = preSolution
		HideSolutionNode = FALSE
	EndGlobalSection
	GlobalSection(ExtensibilityGlobals) = postSolution
		SolutionGuid = {E10A69D6-6152-4134-BBD3-DE95A855D9F0}
	EndGlobalSection
EndGlobal
