
Microsoft Visual Studio Solution File, Format Version 12.00
# Visual Studio Version 17
VisualStudioVersion = 17.3.32901.215
MinimumVisualStudioVersion = 10.0.40219.1
Project("{FAE04EC0-301F-11D3-BF4B-00C04F79EFBC}") = "Proje01_Class_Field_Property_Uygulama", "Proje01_Class_Field_Property_Uygulama.csproj", "{CBFAA9A4-72A6-4B95-A2B8-41264EF7345E}"
EndProject
Global
	GlobalSection(SolutionConfigurationPlatforms) = preSolution
		Debug|Any CPU = Debug|Any CPU
		Release|Any CPU = Release|Any CPU
	EndGlobalSection
	GlobalSection(ProjectConfigurationPlatforms) = postSolution
		{CBFAA9A4-72A6-4B95-A2B8-41264EF7345E}.Debug|Any CPU.ActiveCfg = Debug|Any CPU
		{CBFAA9A4-72A6-4B95-A2B8-41264EF7345E}.Debug|Any CPU.Build.0 = Debug|Any CPU
		{CBFAA9A4-72A6-4B95-A2B8-41264EF7345E}.Release|Any CPU.ActiveCfg = Release|Any CPU
		{CBFAA9A4-72A6-4B95-A2B8-41264EF7345E}.Release|Any CPU.Build.0 = Release|Any CPU
	EndGlobalSection
	GlobalSection(SolutionProperties) = preSolution
		HideSolutionNode = FALSE
	EndGlobalSection
	GlobalSection(ExtensibilityGlobals) = postSolution
		SolutionGuid = {D3201B7A-08C8-4629-A27B-379D5B91A54D}
	EndGlobalSection
EndGlobal
