
Microsoft Visual Studio Solution File, Format Version 12.00
# Visual Studio Version 17
VisualStudioVersion = 17.4.33110.190
MinimumVisualStudioVersion = 10.0.40219.1
Project("{FAE04EC0-301F-11D3-BF4B-00C04F79EFBC}") = "BlogApp.Entities", "BlogApp.Entities\BlogApp.Entities.csproj", "{1463695A-D7CF-454C-869D-77C30B2C9089}"
EndProject
Project("{FAE04EC0-301F-11D3-BF4B-00C04F79EFBC}") = "BlogApp.Data", "BlogApp.Data\BlogApp.Data.csproj", "{5D8007D4-E83E-44A5-8012-58D0AA6049B9}"
EndProject
Project("{FAE04EC0-301F-11D3-BF4B-00C04F79EFBC}") = "BlogApp.Service", "BlogApp.Service\BlogApp.Service.csproj", "{1BBCD91D-9185-42C1-A092-AAFFB263FA13}"
EndProject
Project("{FAE04EC0-301F-11D3-BF4B-00C04F79EFBC}") = "BlogApp.Shared", "BlogApp.Shared\BlogApp.Shared.csproj", "{B0F4A2C9-42AF-4D51-963E-4E562ADFC110}"
EndProject
Project("{FAE04EC0-301F-11D3-BF4B-00C04F79EFBC}") = "BlogApp.Mvc", "BlogApp.Mvc\BlogApp.Mvc.csproj", "{A9B6329E-5FFC-4E6A-8955-B2B8FD0D8F01}"
EndProject
Global
	GlobalSection(SolutionConfigurationPlatforms) = preSolution
		Debug|Any CPU = Debug|Any CPU
		Release|Any CPU = Release|Any CPU
	EndGlobalSection
	GlobalSection(ProjectConfigurationPlatforms) = postSolution
		{1463695A-D7CF-454C-869D-77C30B2C9089}.Debug|Any CPU.ActiveCfg = Debug|Any CPU
		{1463695A-D7CF-454C-869D-77C30B2C9089}.Debug|Any CPU.Build.0 = Debug|Any CPU
		{1463695A-D7CF-454C-869D-77C30B2C9089}.Release|Any CPU.ActiveCfg = Release|Any CPU
		{1463695A-D7CF-454C-869D-77C30B2C9089}.Release|Any CPU.Build.0 = Release|Any CPU
		{5D8007D4-E83E-44A5-8012-58D0AA6049B9}.Debug|Any CPU.ActiveCfg = Debug|Any CPU
		{5D8007D4-E83E-44A5-8012-58D0AA6049B9}.Debug|Any CPU.Build.0 = Debug|Any CPU
		{5D8007D4-E83E-44A5-8012-58D0AA6049B9}.Release|Any CPU.ActiveCfg = Release|Any CPU
		{5D8007D4-E83E-44A5-8012-58D0AA6049B9}.Release|Any CPU.Build.0 = Release|Any CPU
		{1BBCD91D-9185-42C1-A092-AAFFB263FA13}.Debug|Any CPU.ActiveCfg = Debug|Any CPU
		{1BBCD91D-9185-42C1-A092-AAFFB263FA13}.Debug|Any CPU.Build.0 = Debug|Any CPU
		{1BBCD91D-9185-42C1-A092-AAFFB263FA13}.Release|Any CPU.ActiveCfg = Release|Any CPU
		{1BBCD91D-9185-42C1-A092-AAFFB263FA13}.Release|Any CPU.Build.0 = Release|Any CPU
		{B0F4A2C9-42AF-4D51-963E-4E562ADFC110}.Debug|Any CPU.ActiveCfg = Debug|Any CPU
		{B0F4A2C9-42AF-4D51-963E-4E562ADFC110}.Debug|Any CPU.Build.0 = Debug|Any CPU
		{B0F4A2C9-42AF-4D51-963E-4E562ADFC110}.Release|Any CPU.ActiveCfg = Release|Any CPU
		{B0F4A2C9-42AF-4D51-963E-4E562ADFC110}.Release|Any CPU.Build.0 = Release|Any CPU
		{A9B6329E-5FFC-4E6A-8955-B2B8FD0D8F01}.Debug|Any CPU.ActiveCfg = Debug|Any CPU
		{A9B6329E-5FFC-4E6A-8955-B2B8FD0D8F01}.Debug|Any CPU.Build.0 = Debug|Any CPU
		{A9B6329E-5FFC-4E6A-8955-B2B8FD0D8F01}.Release|Any CPU.ActiveCfg = Release|Any CPU
		{A9B6329E-5FFC-4E6A-8955-B2B8FD0D8F01}.Release|Any CPU.Build.0 = Release|Any CPU
	EndGlobalSection
	GlobalSection(SolutionProperties) = preSolution
		HideSolutionNode = FALSE
	EndGlobalSection
	GlobalSection(ExtensibilityGlobals) = postSolution
		SolutionGuid = {2D606B95-9001-4BDC-BA37-91ABE90274C7}
	EndGlobalSection
EndGlobal
