
Microsoft Visual Studio Solution File, Format Version 12.00
# Visual Studio Version 17
VisualStudioVersion = 17.3.32901.215
MinimumVisualStudioVersion = 10.0.40219.1
Project("{FAE04EC0-301F-11D3-BF4B-00C04F79EFBC}") = "Proje08_HataKontrolu", "Proje08_HataKontrolu.csproj", "{C71F793F-E666-4BA5-989D-23CD8BE7552F}"
EndProject
Global
	GlobalSection(SolutionConfigurationPlatforms) = preSolution
		Debug|Any CPU = Debug|Any CPU
		Release|Any CPU = Release|Any CPU
	EndGlobalSection
	GlobalSection(ProjectConfigurationPlatforms) = postSolution
		{C71F793F-E666-4BA5-989D-23CD8BE7552F}.Debug|Any CPU.ActiveCfg = Debug|Any CPU
		{C71F793F-E666-4BA5-989D-23CD8BE7552F}.Debug|Any CPU.Build.0 = Debug|Any CPU
		{C71F793F-E666-4BA5-989D-23CD8BE7552F}.Release|Any CPU.ActiveCfg = Release|Any CPU
		{C71F793F-E666-4BA5-989D-23CD8BE7552F}.Release|Any CPU.Build.0 = Release|Any CPU
	EndGlobalSection
	GlobalSection(SolutionProperties) = preSolution
		HideSolutionNode = FALSE
	EndGlobalSection
	GlobalSection(ExtensibilityGlobals) = postSolution
		SolutionGuid = {4523028E-44D7-4D30-8B15-EB3D6F437B92}
	EndGlobalSection
EndGlobal
