
Microsoft Visual Studio Solution File, Format Version 12.00
# Visual Studio Version 17
VisualStudioVersion = 17.3.32901.215
MinimumVisualStudioVersion = 10.0.40219.1
Project("{FAE04EC0-301F-11D3-BF4B-00C04F79EFBC}") = "Proje04_Sayisal_Loto_Oyunu", "Proje04_Sayisal_Loto_Oyunu.csproj", "{1EB6CA8B-37BD-4102-AFD9-1EAE1AD8FFCE}"
EndProject
Global
	GlobalSection(SolutionConfigurationPlatforms) = preSolution
		Debug|Any CPU = Debug|Any CPU
		Release|Any CPU = Release|Any CPU
	EndGlobalSection
	GlobalSection(ProjectConfigurationPlatforms) = postSolution
		{1EB6CA8B-37BD-4102-AFD9-1EAE1AD8FFCE}.Debug|Any CPU.ActiveCfg = Debug|Any CPU
		{1EB6CA8B-37BD-4102-AFD9-1EAE1AD8FFCE}.Debug|Any CPU.Build.0 = Debug|Any CPU
		{1EB6CA8B-37BD-4102-AFD9-1EAE1AD8FFCE}.Release|Any CPU.ActiveCfg = Release|Any CPU
		{1EB6CA8B-37BD-4102-AFD9-1EAE1AD8FFCE}.Release|Any CPU.Build.0 = Release|Any CPU
	EndGlobalSection
	GlobalSection(SolutionProperties) = preSolution
		HideSolutionNode = FALSE
	EndGlobalSection
	GlobalSection(ExtensibilityGlobals) = postSolution
		SolutionGuid = {116EE3B5-E760-4420-9DCC-BCE700839006}
	EndGlobalSection
EndGlobal
