
Microsoft Visual Studio Solution File, Format Version 12.00
# Visual Studio Version 17
VisualStudioVersion = 17.3.32901.215
MinimumVisualStudioVersion = 10.0.40219.1
Project("{FAE04EC0-301F-11D3-BF4B-00C04F79EFBC}") = "Proje06_MatematikselMetodlar", "Proje06_MatematikselMetodlar.csproj", "{FD28AA3A-53E3-48C9-9BED-3D45A13DAD56}"
EndProject
Global
	GlobalSection(SolutionConfigurationPlatforms) = preSolution
		Debug|Any CPU = Debug|Any CPU
		Release|Any CPU = Release|Any CPU
	EndGlobalSection
	GlobalSection(ProjectConfigurationPlatforms) = postSolution
		{FD28AA3A-53E3-48C9-9BED-3D45A13DAD56}.Debug|Any CPU.ActiveCfg = Debug|Any CPU
		{FD28AA3A-53E3-48C9-9BED-3D45A13DAD56}.Debug|Any CPU.Build.0 = Debug|Any CPU
		{FD28AA3A-53E3-48C9-9BED-3D45A13DAD56}.Release|Any CPU.ActiveCfg = Release|Any CPU
		{FD28AA3A-53E3-48C9-9BED-3D45A13DAD56}.Release|Any CPU.Build.0 = Release|Any CPU
	EndGlobalSection
	GlobalSection(SolutionProperties) = preSolution
		HideSolutionNode = FALSE
	EndGlobalSection
	GlobalSection(ExtensibilityGlobals) = postSolution
		SolutionGuid = {782D6447-4921-406A-87BC-5C47242DA5B8}
	EndGlobalSection
EndGlobal
