
Microsoft Visual Studio Solution File, Format Version 12.00
# Visual Studio Version 17
VisualStudioVersion = 17.3.32901.215
MinimumVisualStudioVersion = 10.0.40219.1
Project("{FAE04EC0-301F-11D3-BF4B-00C04F79EFBC}") = "Proje09_IfConditions", "Proje09_IfConditions.csproj", "{ED9BE377-5FF4-4E9B-976B-5BDAB7D48051}"
EndProject
Global
	GlobalSection(SolutionConfigurationPlatforms) = preSolution
		Debug|Any CPU = Debug|Any CPU
		Release|Any CPU = Release|Any CPU
	EndGlobalSection
	GlobalSection(ProjectConfigurationPlatforms) = postSolution
		{ED9BE377-5FF4-4E9B-976B-5BDAB7D48051}.Debug|Any CPU.ActiveCfg = Debug|Any CPU
		{ED9BE377-5FF4-4E9B-976B-5BDAB7D48051}.Debug|Any CPU.Build.0 = Debug|Any CPU
		{ED9BE377-5FF4-4E9B-976B-5BDAB7D48051}.Release|Any CPU.ActiveCfg = Release|Any CPU
		{ED9BE377-5FF4-4E9B-976B-5BDAB7D48051}.Release|Any CPU.Build.0 = Release|Any CPU
	EndGlobalSection
	GlobalSection(SolutionProperties) = preSolution
		HideSolutionNode = FALSE
	EndGlobalSection
	GlobalSection(ExtensibilityGlobals) = postSolution
		SolutionGuid = {5328537B-C061-4F4E-9D2B-26C2570B6EE2}
	EndGlobalSection
EndGlobal
